
Microsoft Visual Studio Solution File, Format Version 12.00
# Visual Studio Version 17
VisualStudioVersion = 17.4.33110.190
MinimumVisualStudioVersion = 10.0.40219.1
Project("{FAE04EC0-301F-11D3-BF4B-00C04F79EFBC}") = "UC-1_Create  LinkedList", "UC-1_Create  LinkedList.csproj", "{E9E8468B-6BC6-4B55-8AE5-993F37D9F8C8}"
EndProject
Global
	GlobalSection(SolutionConfigurationPlatforms) = preSolution
		Debug|Any CPU = Debug|Any CPU
		Release|Any CPU = Release|Any CPU
	EndGlobalSection
	GlobalSection(ProjectConfigurationPlatforms) = postSolution
		{E9E8468B-6BC6-4B55-8AE5-993F37D9F8C8}.Debug|Any CPU.ActiveCfg = Debug|Any CPU
		{E9E8468B-6BC6-4B55-8AE5-993F37D9F8C8}.Debug|Any CPU.Build.0 = Debug|Any CPU
		{E9E8468B-6BC6-4B55-8AE5-993F37D9F8C8}.Release|Any CPU.ActiveCfg = Release|Any CPU
		{E9E8468B-6BC6-4B55-8AE5-993F37D9F8C8}.Release|Any CPU.Build.0 = Release|Any CPU
	EndGlobalSection
	GlobalSection(SolutionProperties) = preSolution
		HideSolutionNode = FALSE
	EndGlobalSection
	GlobalSection(ExtensibilityGlobals) = postSolution
		SolutionGuid = {95105A45-2CA9-4161-83BD-BC1BB76542F3}
	EndGlobalSection
EndGlobal
